// !$*UTF8*$!
{
	archiveVersion = 1;
	classes = {
	};
	objectVersion = 46;
	objects = {

/* Begin PBXBuildFile section */
		407E54921BE815320023323F /* main.m in Sources */ = {isa = PBXBuildFile; fileRef = 407E54911BE815320023323F /* main.m */; };
		407E54951BE815320023323F /* AppDelegate.m in Sources */ = {isa = PBXBuildFile; fileRef = 407E54941BE815320023323F /* AppDelegate.m */; };
		407E54981BE815320023323F /* ViewController.m in Sources */ = {isa = PBXBuildFile; fileRef = 407E54971BE815320023323F /* ViewController.m */; };
		407E549B1BE815320023323F /* Main.storyboard in Resources */ = {isa = PBXBuildFile; fileRef = 407E54991BE815320023323F /* Main.storyboard */; };
		407E549E1BE815320023323F /* ImagesDownload.xcdatamodeld in Sources */ = {isa = PBXBuildFile; fileRef = 407E549C1BE815320023323F /* ImagesDownload.xcdatamodeld */; };
		407E54A01BE815320023323F /* Assets.xcassets in Resources */ = {isa = PBXBuildFile; fileRef = 407E549F1BE815320023323F /* Assets.xcassets */; };
		407E54A31BE815320023323F /* LaunchScreen.storyboard in Resources */ = {isa = PBXBuildFile; fileRef = 407E54A11BE815320023323F /* LaunchScreen.storyboard */; };
		407E54AE1BE815320023323F /* ImagesDownloadTests.m in Sources */ = {isa = PBXBuildFile; fileRef = 407E54AD1BE815320023323F /* ImagesDownloadTests.m */; };
		407E54B91BE815320023323F /* ImagesDownloadUITests.m in Sources */ = {isa = PBXBuildFile; fileRef = 407E54B81BE815320023323F /* ImagesDownloadUITests.m */; };
		407E54CD1BE8239F0023323F /* ImageDetail+CoreDataProperties.m in Sources */ = {isa = PBXBuildFile; fileRef = 407E54CA1BE8239F0023323F /* ImageDetail+CoreDataProperties.m */; };
		407E54CE1BE8239F0023323F /* ImageDetail.m in Sources */ = {isa = PBXBuildFile; fileRef = 407E54CC1BE8239F0023323F /* ImageDetail.m */; };
		407E54D11BE82B0C0023323F /* FetchImageDetails.m in Sources */ = {isa = PBXBuildFile; fileRef = 407E54D01BE82B0C0023323F /* FetchImageDetails.m */; };
		407E54D41BE8431B0023323F /* ImageTableViewCell.m in Sources */ = {isa = PBXBuildFile; fileRef = 407E54D31BE8431B0023323F /* ImageTableViewCell.m */; };
		407E54F61BE84F7B0023323F /* LICENSE in Resources */ = {isa = PBXBuildFile; fileRef = 407E54D61BE84F7B0023323F /* LICENSE */; };
		407E54F71BE84F7B0023323F /* README.md in Sources */ = {isa = PBXBuildFile; fileRef = 407E54D71BE84F7B0023323F /* README.md */; };
		407E54F81BE84F7B0023323F /* NSData+ImageContentType.m in Sources */ = {isa = PBXBuildFile; fileRef = 407E54DA1BE84F7B0023323F /* NSData+ImageContentType.m */; };
		407E54F91BE84F7B0023323F /* SDImageCache.m in Sources */ = {isa = PBXBuildFile; fileRef = 407E54DC1BE84F7B0023323F /* SDImageCache.m */; };
		407E54FA1BE84F7B0023323F /* SDWebImageCompat.m in Sources */ = {isa = PBXBuildFile; fileRef = 407E54DE1BE84F7B0023323F /* SDWebImageCompat.m */; };
		407E54FB1BE84F7B0023323F /* SDWebImageDecoder.m in Sources */ = {isa = PBXBuildFile; fileRef = 407E54E01BE84F7B0023323F /* SDWebImageDecoder.m */; };
		407E54FC1BE84F7B0023323F /* SDWebImageDownloader.m in Sources */ = {isa = PBXBuildFile; fileRef = 407E54E21BE84F7B0023323F /* SDWebImageDownloader.m */; };
		407E54FD1BE84F7B0023323F /* SDWebImageDownloaderOperation.m in Sources */ = {isa = PBXBuildFile; fileRef = 407E54E41BE84F7B0023323F /* SDWebImageDownloaderOperation.m */; };
		407E54FE1BE84F7B0023323F /* SDWebImageManager.m in Sources */ = {isa = PBXBuildFile; fileRef = 407E54E61BE84F7B0023323F /* SDWebImageManager.m */; };
		407E54FF1BE84F7B0023323F /* SDWebImagePrefetcher.m in Sources */ = {isa = PBXBuildFile; fileRef = 407E54E91BE84F7B0023323F /* SDWebImagePrefetcher.m */; };
		407E55001BE84F7B0023323F /* UIButton+WebCache.m in Sources */ = {isa = PBXBuildFile; fileRef = 407E54EB1BE84F7B0023323F /* UIButton+WebCache.m */; };
		407E55011BE84F7B0023323F /* UIImage+GIF.m in Sources */ = {isa = PBXBuildFile; fileRef = 407E54ED1BE84F7B0023323F /* UIImage+GIF.m */; };
		407E55021BE84F7B0023323F /* UIImage+MultiFormat.m in Sources */ = {isa = PBXBuildFile; fileRef = 407E54EF1BE84F7B0023323F /* UIImage+MultiFormat.m */; };
		407E55031BE84F7B0023323F /* UIImageView+HighlightedWebCache.m in Sources */ = {isa = PBXBuildFile; fileRef = 407E54F11BE84F7B0023323F /* UIImageView+HighlightedWebCache.m */; };
		407E55041BE84F7B0023323F /* UIImageView+WebCache.m in Sources */ = {isa = PBXBuildFile; fileRef = 407E54F31BE84F7B0023323F /* UIImageView+WebCache.m */; };
		407E55051BE84F7B0023323F /* UIView+WebCacheOperation.m in Sources */ = {isa = PBXBuildFile; fileRef = 407E54F51BE84F7B0023323F /* UIView+WebCacheOperation.m */; };
		40B437031BE982E5005F2399 /* ImageData.m in Sources */ = {isa = PBXBuildFile; fileRef = 40B437021BE982E5005F2399 /* ImageData.m */; };
/* End PBXBuildFile section */

/* Begin PBXContainerItemProxy section */
		407E54AA1BE815320023323F /* PBXContainerItemProxy */ = {
			isa = PBXContainerItemProxy;
			containerPortal = 407E54851BE815320023323F /* Project object */;
			proxyType = 1;
			remoteGlobalIDString = 407E548C1BE815320023323F;
			remoteInfo = ImagesDownload;
		};
		407E54B51BE815320023323F /* PBXContainerItemProxy */ = {
			isa = PBXContainerItemProxy;
			containerPortal = 407E54851BE815320023323F /* Project object */;
			proxyType = 1;
			remoteGlobalIDString = 407E548C1BE815320023323F;
			remoteInfo = ImagesDownload;
		};
/* End PBXContainerItemProxy section */

/* Begin PBXFileReference section */
		407E548D1BE815320023323F /* ImagesDownload.app */ = {isa = PBXFileReference; explicitFileType = wrapper.application; includeInIndex = 0; path = ImagesDownload.app; sourceTree = BUILT_PRODUCTS_DIR; };
		407E54911BE815320023323F /* main.m */ = {isa = PBXFileReference; lastKnownFileType = sourcecode.c.objc; path = main.m; sourceTree = "<group>"; };
		407E54931BE815320023323F /* AppDelegate.h */ = {isa = PBXFileReference; lastKnownFileType = sourcecode.c.h; path = AppDelegate.h; sourceTree = "<group>"; };
		407E54941BE815320023323F /* AppDelegate.m */ = {isa = PBXFileReference; lastKnownFileType = sourcecode.c.objc; path = AppDelegate.m; sourceTree = "<group>"; };
		407E54961BE815320023323F /* ViewController.h */ = {isa = PBXFileReference; lastKnownFileType = sourcecode.c.h; path = ViewController.h; sourceTree = "<group>"; };
		407E54971BE815320023323F /* ViewController.m */ = {isa = PBXFileReference; lastKnownFileType = sourcecode.c.objc; path = ViewController.m; sourceTree = "<group>"; };
		407E549A1BE815320023323F /* Base */ = {isa = PBXFileReference; lastKnownFileType = file.storyboard; name = Base; path = Base.lproj/Main.storyboard; sourceTree = "<group>"; };
		407E549D1BE815320023323F /* ImagesDownload.xcdatamodel */ = {isa = PBXFileReference; lastKnownFileType = wrapper.xcdatamodel; path = ImagesDownload.xcdatamodel; sourceTree = "<group>"; };
		407E549F1BE815320023323F /* Assets.xcassets */ = {isa = PBXFileReference; lastKnownFileType = folder.assetcatalog; path = Assets.xcassets; sourceTree = "<group>"; };
		407E54A21BE815320023323F /* Base */ = {isa = PBXFileReference; lastKnownFileType = file.storyboard; name = Base; path = Base.lproj/LaunchScreen.storyboard; sourceTree = "<group>"; };
		407E54A41BE815320023323F /* Info.plist */ = {isa = PBXFileReference; lastKnownFileType = text.plist.xml; path = Info.plist; sourceTree = "<group>"; };
		407E54A91BE815320023323F /* ImagesDownloadTests.xctest */ = {isa = PBXFileReference; explicitFileType = wrapper.cfbundle; includeInIndex = 0; path = ImagesDownloadTests.xctest; sourceTree = BUILT_PRODUCTS_DIR; };
		407E54AD1BE815320023323F /* ImagesDownloadTests.m */ = {isa = PBXFileReference; lastKnownFileType = sourcecode.c.objc; path = ImagesDownloadTests.m; sourceTree = "<group>"; };
		407E54AF1BE815320023323F /* Info.plist */ = {isa = PBXFileReference; lastKnownFileType = text.plist.xml; path = Info.plist; sourceTree = "<group>"; };
		407E54B41BE815320023323F /* ImagesDownloadUITests.xctest */ = {isa = PBXFileReference; explicitFileType = wrapper.cfbundle; includeInIndex = 0; path = ImagesDownloadUITests.xctest; sourceTree = BUILT_PRODUCTS_DIR; };
		407E54B81BE815320023323F /* ImagesDownloadUITests.m */ = {isa = PBXFileReference; lastKnownFileType = sourcecode.c.objc; path = ImagesDownloadUITests.m; sourceTree = "<group>"; };
		407E54BA1BE815320023323F /* Info.plist */ = {isa = PBXFileReference; lastKnownFileType = text.plist.xml; path = Info.plist; sourceTree = "<group>"; };
		407E54C91BE8239F0023323F /* ImageDetail+CoreDataProperties.h */ = {isa = PBXFileReference; fileEncoding = 4; lastKnownFileType = sourcecode.c.h; path = "ImageDetail+CoreDataProperties.h"; sourceTree = "<group>"; };
		407E54CA1BE8239F0023323F /* ImageDetail+CoreDataProperties.m */ = {isa = PBXFileReference; fileEncoding = 4; lastKnownFileType = sourcecode.c.objc; path = "ImageDetail+CoreDataProperties.m"; sourceTree = "<group>"; };
		407E54CB1BE8239F0023323F /* ImageDetail.h */ = {isa = PBXFileReference; fileEncoding = 4; lastKnownFileType = sourcecode.c.h; path = ImageDetail.h; sourceTree = "<group>"; };
		407E54CC1BE8239F0023323F /* ImageDetail.m */ = {isa = PBXFileReference; fileEncoding = 4; lastKnownFileType = sourcecode.c.objc; path = ImageDetail.m; sourceTree = "<group>"; };
		407E54CF1BE82B0C0023323F /* FetchImageDetails.h */ = {isa = PBXFileReference; fileEncoding = 4; lastKnownFileType = sourcecode.c.h; path = FetchImageDetails.h; sourceTree = "<group>"; };
		407E54D01BE82B0C0023323F /* FetchImageDetails.m */ = {isa = PBXFileReference; fileEncoding = 4; lastKnownFileType = sourcecode.c.objc; path = FetchImageDetails.m; sourceTree = "<group>"; };
		407E54D21BE8431B0023323F /* ImageTableViewCell.h */ = {isa = PBXFileReference; fileEncoding = 4; lastKnownFileType = sourcecode.c.h; path = ImageTableViewCell.h; sourceTree = "<group>"; };
		407E54D31BE8431B0023323F /* ImageTableViewCell.m */ = {isa = PBXFileReference; fileEncoding = 4; lastKnownFileType = sourcecode.c.objc; path = ImageTableViewCell.m; sourceTree = "<group>"; };
		407E54D61BE84F7B0023323F /* LICENSE */ = {isa = PBXFileReference; fileEncoding = 4; lastKnownFileType = text; path = LICENSE; sourceTree = "<group>"; };
		407E54D71BE84F7B0023323F /* README.md */ = {isa = PBXFileReference; fileEncoding = 4; lastKnownFileType = net.daringfireball.markdown; path = README.md; sourceTree = "<group>"; };
		407E54D91BE84F7B0023323F /* NSData+ImageContentType.h */ = {isa = PBXFileReference; fileEncoding = 4; lastKnownFileType = sourcecode.c.h; path = "NSData+ImageContentType.h"; sourceTree = "<group>"; };
		407E54DA1BE84F7B0023323F /* NSData+ImageContentType.m */ = {isa = PBXFileReference; fileEncoding = 4; lastKnownFileType = sourcecode.c.objc; path = "NSData+ImageContentType.m"; sourceTree = "<group>"; };
		407E54DB1BE84F7B0023323F /* SDImageCache.h */ = {isa = PBXFileReference; fileEncoding = 4; lastKnownFileType = sourcecode.c.h; path = SDImageCache.h; sourceTree = "<group>"; };
		407E54DC1BE84F7B0023323F /* SDImageCache.m */ = {isa = PBXFileReference; fileEncoding = 4; lastKnownFileType = sourcecode.c.objc; path = SDImageCache.m; sourceTree = "<group>"; };
		407E54DD1BE84F7B0023323F /* SDWebImageCompat.h */ = {isa = PBXFileReference; fileEncoding = 4; lastKnownFileType = sourcecode.c.h; path = SDWebImageCompat.h; sourceTree = "<group>"; };
		407E54DE1BE84F7B0023323F /* SDWebImageCompat.m */ = {isa = PBXFileReference; fileEncoding = 4; lastKnownFileType = sourcecode.c.objc; path = SDWebImageCompat.m; sourceTree = "<group>"; };
		407E54DF1BE84F7B0023323F /* SDWebImageDecoder.h */ = {isa = PBXFileReference; fileEncoding = 4; lastKnownFileType = sourcecode.c.h; path = SDWebImageDecoder.h; sourceTree = "<group>"; };
		407E54E01BE84F7B0023323F /* SDWebImageDecoder.m */ = {isa = PBXFileReference; fileEncoding = 4; lastKnownFileType = sourcecode.c.objc; path = SDWebImageDecoder.m; sourceTree = "<group>"; };
		407E54E11BE84F7B0023323F /* SDWebImageDownloader.h */ = {isa = PBXFileReference; fileEncoding = 4; lastKnownFileType = sourcecode.c.h; path = SDWebImageDownloader.h; sourceTree = "<group>"; };
		407E54E21BE84F7B0023323F /* SDWebImageDownloader.m */ = {isa = PBXFileReference; fileEncoding = 4; lastKnownFileType = sourcecode.c.objc; path = SDWebImageDownloader.m; sourceTree = "<group>"; };
		407E54E31BE84F7B0023323F /* SDWebImageDownloaderOperation.h */ = {isa = PBXFileReference; fileEncoding = 4; lastKnownFileType = sourcecode.c.h; path = SDWebImageDownloaderOperation.h; sourceTree = "<group>"; };
		407E54E41BE84F7B0023323F /* SDWebImageDownloaderOperation.m */ = {isa = PBXFileReference; fileEncoding = 4; lastKnownFileType = sourcecode.c.objc; path = SDWebImageDownloaderOperation.m; sourceTree = "<group>"; };
		407E54E51BE84F7B0023323F /* SDWebImageManager.h */ = {isa = PBXFileReference; fileEncoding = 4; lastKnownFileType = sourcecode.c.h; path = SDWebImageManager.h; sourceTree = "<group>"; };
		407E54E61BE84F7B0023323F /* SDWebImageManager.m */ = {isa = PBXFileReference; fileEncoding = 4; lastKnownFileType = sourcecode.c.objc; path = SDWebImageManager.m; sourceTree = "<group>"; };
		407E54E71BE84F7B0023323F /* SDWebImageOperation.h */ = {isa = PBXFileReference; fileEncoding = 4; lastKnownFileType = sourcecode.c.h; path = SDWebImageOperation.h; sourceTree = "<group>"; };
		407E54E81BE84F7B0023323F /* SDWebImagePrefetcher.h */ = {isa = PBXFileReference; fileEncoding = 4; lastKnownFileType = sourcecode.c.h; path = SDWebImagePrefetcher.h; sourceTree = "<group>"; };
		407E54E91BE84F7B0023323F /* SDWebImagePrefetcher.m */ = {isa = PBXFileReference; fileEncoding = 4; lastKnownFileType = sourcecode.c.objc; path = SDWebImagePrefetcher.m; sourceTree = "<group>"; };
		407E54EA1BE84F7B0023323F /* UIButton+WebCache.h */ = {isa = PBXFileReference; fileEncoding = 4; lastKnownFileType = sourcecode.c.h; path = "UIButton+WebCache.h"; sourceTree = "<group>"; };
		407E54EB1BE84F7B0023323F /* UIButton+WebCache.m */ = {isa = PBXFileReference; fileEncoding = 4; lastKnownFileType = sourcecode.c.objc; path = "UIButton+WebCache.m"; sourceTree = "<group>"; };
		407E54EC1BE84F7B0023323F /* UIImage+GIF.h */ = {isa = PBXFileReference; fileEncoding = 4; lastKnownFileType = sourcecode.c.h; path = "UIImage+GIF.h"; sourceTree = "<group>"; };
		407E54ED1BE84F7B0023323F /* UIImage+GIF.m */ = {isa = PBXFileReference; fileEncoding = 4; lastKnownFileType = sourcecode.c.objc; path = "UIImage+GIF.m"; sourceTree = "<group>"; };
		407E54EE1BE84F7B0023323F /* UIImage+MultiFormat.h */ = {isa = PBXFileReference; fileEncoding = 4; lastKnownFileType = sourcecode.c.h; path = "UIImage+MultiFormat.h"; sourceTree = "<group>"; };
		407E54EF1BE84F7B0023323F /* UIImage+MultiFormat.m */ = {isa = PBXFileReference; fileEncoding = 4; lastKnownFileType = sourcecode.c.objc; path = "UIImage+MultiFormat.m"; sourceTree = "<group>"; };
		407E54F01BE84F7B0023323F /* UIImageView+HighlightedWebCache.h */ = {isa = PBXFileReference; fileEncoding = 4; lastKnownFileType = sourcecode.c.h; path = "UIImageView+HighlightedWebCache.h"; sourceTree = "<group>"; };
		407E54F11BE84F7B0023323F /* UIImageView+HighlightedWebCache.m */ = {isa = PBXFileReference; fileEncoding = 4; lastKnownFileType = sourcecode.c.objc; path = "UIImageView+HighlightedWebCache.m"; sourceTree = "<group>"; };
		407E54F21BE84F7B0023323F /* UIImageView+WebCache.h */ = {isa = PBXFileReference; fileEncoding = 4; lastKnownFileType = sourcecode.c.h; path = "UIImageView+WebCache.h"; sourceTree = "<group>"; };
		407E54F31BE84F7B0023323F /* UIImageView+WebCache.m */ = {isa = PBXFileReference; fileEncoding = 4; lastKnownFileType = sourcecode.c.objc; path = "UIImageView+WebCache.m"; sourceTree = "<group>"; };
		407E54F41BE84F7B0023323F /* UIView+WebCacheOperation.h */ = {isa = PBXFileReference; fileEncoding = 4; lastKnownFileType = sourcecode.c.h; path = "UIView+WebCacheOperation.h"; sourceTree = "<group>"; };
		407E54F51BE84F7B0023323F /* UIView+WebCacheOperation.m */ = {isa = PBXFileReference; fileEncoding = 4; lastKnownFileType = sourcecode.c.objc; path = "UIView+WebCacheOperation.m"; sourceTree = "<group>"; };
		40B437011BE982E5005F2399 /* ImageData.h */ = {isa = PBXFileReference; fileEncoding = 4; lastKnownFileType = sourcecode.c.h; path = ImageData.h; sourceTree = "<group>"; };
		40B437021BE982E5005F2399 /* ImageData.m */ = {isa = PBXFileReference; fileEncoding = 4; lastKnownFileType = sourcecode.c.objc; path = ImageData.m; sourceTree = "<group>"; };
/* End PBXFileReference section */

/* Begin PBXFrameworksBuildPhase section */
		407E548A1BE815320023323F /* Frameworks */ = {
			isa = PBXFrameworksBuildPhase;
			buildActionMask = 2147483647;
			files = (
			);
			runOnlyForDeploymentPostprocessing = 0;
		};
		407E54A61BE815320023323F /* Frameworks */ = {
			isa = PBXFrameworksBuildPhase;
			buildActionMask = 2147483647;
			files = (
			);
			runOnlyForDeploymentPostprocessing = 0;
		};
		407E54B11BE815320023323F /* Frameworks */ = {
			isa = PBXFrameworksBuildPhase;
			buildActionMask = 2147483647;
			files = (
			);
			runOnlyForDeploymentPostprocessing = 0;
		};
/* End PBXFrameworksBuildPhase section */

/* Begin PBXGroup section */
		407E54841BE815320023323F = {
			isa = PBXGroup;
			children = (
				407E548F1BE815320023323F /* ImagesDownload */,
				407E54AC1BE815320023323F /* ImagesDownloadTests */,
				407E54B71BE815320023323F /* ImagesDownloadUITests */,
				407E548E1BE815320023323F /* Products */,
			);
			sourceTree = "<group>";
		};
		407E548E1BE815320023323F /* Products */ = {
			isa = PBXGroup;
			children = (
				407E548D1BE815320023323F /* ImagesDownload.app */,
				407E54A91BE815320023323F /* ImagesDownloadTests.xctest */,
				407E54B41BE815320023323F /* ImagesDownloadUITests.xctest */,
			);
			name = Products;
			sourceTree = "<group>";
		};
		407E548F1BE815320023323F /* ImagesDownload */ = {
			isa = PBXGroup;
			children = (
				407E55061BE84FEB0023323F /* ExternalLibraries */,
				407E54C81BE817D80023323F /* Operations */,
				407E54C71BE817BC0023323F /* Models */,
				407E54C61BE817AF0023323F /* ViewControllers */,
				407E54931BE815320023323F /* AppDelegate.h */,
				407E54941BE815320023323F /* AppDelegate.m */,
				407E54991BE815320023323F /* Main.storyboard */,
				407E549F1BE815320023323F /* Assets.xcassets */,
				407E54A11BE815320023323F /* LaunchScreen.storyboard */,
				407E54A41BE815320023323F /* Info.plist */,
				407E549C1BE815320023323F /* ImagesDownload.xcdatamodeld */,
				407E54901BE815320023323F /* Supporting Files */,
			);
			path = ImagesDownload;
			sourceTree = "<group>";
		};
		407E54901BE815320023323F /* Supporting Files */ = {
			isa = PBXGroup;
			children = (
				407E54911BE815320023323F /* main.m */,
			);
			name = "Supporting Files";
			sourceTree = "<group>";
		};
		407E54AC1BE815320023323F /* ImagesDownloadTests */ = {
			isa = PBXGroup;
			children = (
				407E54AD1BE815320023323F /* ImagesDownloadTests.m */,
				407E54AF1BE815320023323F /* Info.plist */,
			);
			path = ImagesDownloadTests;
			sourceTree = "<group>";
		};
		407E54B71BE815320023323F /* ImagesDownloadUITests */ = {
			isa = PBXGroup;
			children = (
				407E54B81BE815320023323F /* ImagesDownloadUITests.m */,
				407E54BA1BE815320023323F /* Info.plist */,
			);
			path = ImagesDownloadUITests;
			sourceTree = "<group>";
		};
		407E54C61BE817AF0023323F /* ViewControllers */ = {
			isa = PBXGroup;
			children = (
				407E54961BE815320023323F /* ViewController.h */,
				407E54971BE815320023323F /* ViewController.m */,
				407E54D21BE8431B0023323F /* ImageTableViewCell.h */,
				407E54D31BE8431B0023323F /* ImageTableViewCell.m */,
			);
			name = ViewControllers;
			sourceTree = "<group>";
		};
		407E54C71BE817BC0023323F /* Models */ = {
			isa = PBXGroup;
			children = (
				407E54C91BE8239F0023323F /* ImageDetail+CoreDataProperties.h */,
				407E54CA1BE8239F0023323F /* ImageDetail+CoreDataProperties.m */,
				407E54CB1BE8239F0023323F /* ImageDetail.h */,
				407E54CC1BE8239F0023323F /* ImageDetail.m */,
				40B437011BE982E5005F2399 /* ImageData.h */,
				40B437021BE982E5005F2399 /* ImageData.m */,
			);
			name = Models;
			sourceTree = "<group>";
		};
		407E54C81BE817D80023323F /* Operations */ = {
			isa = PBXGroup;
			children = (
				407E54CF1BE82B0C0023323F /* FetchImageDetails.h */,
				407E54D01BE82B0C0023323F /* FetchImageDetails.m */,
			);
			name = Operations;
			sourceTree = "<group>";
		};
		407E54D51BE84F7B0023323F /* SDWebImage */ = {
			isa = PBXGroup;
			children = (
				407E54D61BE84F7B0023323F /* LICENSE */,
				407E54D71BE84F7B0023323F /* README.md */,
				407E54D81BE84F7B0023323F /* SDWebImage */,
			);
			path = SDWebImage;
			sourceTree = "<group>";
		};
		407E54D81BE84F7B0023323F /* SDWebImage */ = {
			isa = PBXGroup;
			children = (
				407E54D91BE84F7B0023323F /* NSData+ImageContentType.h */,
				407E54DA1BE84F7B0023323F /* NSData+ImageContentType.m */,
				407E54DB1BE84F7B0023323F /* SDImageCache.h */,
				407E54DC1BE84F7B0023323F /* SDImageCache.m */,
				407E54DD1BE84F7B0023323F /* SDWebImageCompat.h */,
				407E54DE1BE84F7B0023323F /* SDWebImageCompat.m */,
				407E54DF1BE84F7B0023323F /* SDWebImageDecoder.h */,
				407E54E01BE84F7B0023323F /* SDWebImageDecoder.m */,
				407E54E11BE84F7B0023323F /* SDWebImageDownloader.h */,
				407E54E21BE84F7B0023323F /* SDWebImageDownloader.m */,
				407E54E31BE84F7B0023323F /* SDWebImageDownloaderOperation.h */,
				407E54E41BE84F7B0023323F /* SDWebImageDownloaderOperation.m */,
				407E54E51BE84F7B0023323F /* SDWebImageManager.h */,
				407E54E61BE84F7B0023323F /* SDWebImageManager.m */,
				407E54E71BE84F7B0023323F /* SDWebImageOperation.h */,
				407E54E81BE84F7B0023323F /* SDWebImagePrefetcher.h */,
				407E54E91BE84F7B0023323F /* SDWebImagePrefetcher.m */,
				407E54EA1BE84F7B0023323F /* UIButton+WebCache.h */,
				407E54EB1BE84F7B0023323F /* UIButton+WebCache.m */,
				407E54EC1BE84F7B0023323F /* UIImage+GIF.h */,
				407E54ED1BE84F7B0023323F /* UIImage+GIF.m */,
				407E54EE1BE84F7B0023323F /* UIImage+MultiFormat.h */,
				407E54EF1BE84F7B0023323F /* UIImage+MultiFormat.m */,
				407E54F01BE84F7B0023323F /* UIImageView+HighlightedWebCache.h */,
				407E54F11BE84F7B0023323F /* UIImageView+HighlightedWebCache.m */,
				407E54F21BE84F7B0023323F /* UIImageView+WebCache.h */,
				407E54F31BE84F7B0023323F /* UIImageView+WebCache.m */,
				407E54F41BE84F7B0023323F /* UIView+WebCacheOperation.h */,
				407E54F51BE84F7B0023323F /* UIView+WebCacheOperation.m */,
			);
			path = SDWebImage;
			sourceTree = "<group>";
		};
		407E55061BE84FEB0023323F /* ExternalLibraries */ = {
			isa = PBXGroup;
			children = (
				407E54D51BE84F7B0023323F /* SDWebImage */,
			);
			name = ExternalLibraries;
			sourceTree = "<group>";
		};
/* End PBXGroup section */

/* Begin PBXNativeTarget section */
		407E548C1BE815320023323F /* ImagesDownload */ = {
			isa = PBXNativeTarget;
			buildConfigurationList = 407E54BD1BE815330023323F /* Build configuration list for PBXNativeTarget "ImagesDownload" */;
			buildPhases = (
				407E54891BE815320023323F /* Sources */,
				407E548A1BE815320023323F /* Frameworks */,
				407E548B1BE815320023323F /* Resources */,
			);
			buildRules = (
			);
			dependencies = (
			);
			name = ImagesDownload;
			productName = ImagesDownload;
			productReference = 407E548D1BE815320023323F /* ImagesDownload.app */;
			productType = "com.apple.product-type.application";
		};
		407E54A81BE815320023323F /* ImagesDownloadTests */ = {
			isa = PBXNativeTarget;
			buildConfigurationList = 407E54C01BE815330023323F /* Build configuration list for PBXNativeTarget "ImagesDownloadTests" */;
			buildPhases = (
				407E54A51BE815320023323F /* Sources */,
				407E54A61BE815320023323F /* Frameworks */,
				407E54A71BE815320023323F /* Resources */,
			);
			buildRules = (
			);
			dependencies = (
				407E54AB1BE815320023323F /* PBXTargetDependency */,
			);
			name = ImagesDownloadTests;
			productName = ImagesDownloadTests;
			productReference = 407E54A91BE815320023323F /* ImagesDownloadTests.xctest */;
			productType = "com.apple.product-type.bundle.unit-test";
		};
		407E54B31BE815320023323F /* ImagesDownloadUITests */ = {
			isa = PBXNativeTarget;
			buildConfigurationList = 407E54C31BE815330023323F /* Build configuration list for PBXNativeTarget "ImagesDownloadUITests" */;
			buildPhases = (
				407E54B01BE815320023323F /* Sources */,
				407E54B11BE815320023323F /* Frameworks */,
				407E54B21BE815320023323F /* Resources */,
			);
			buildRules = (
			);
			dependencies = (
				407E54B61BE815320023323F /* PBXTargetDependency */,
			);
			name = ImagesDownloadUITests;
			productName = ImagesDownloadUITests;
			productReference = 407E54B41BE815320023323F /* ImagesDownloadUITests.xctest */;
			productType = "com.apple.product-type.bundle.ui-testing";
		};
/* End PBXNativeTarget section */

/* Begin PBXProject section */
		407E54851BE815320023323F /* Project object */ = {
			isa = PBXProject;
			attributes = {
				LastUpgradeCheck = 0710;
				ORGANIZATIONNAME = None;
				TargetAttributes = {
					407E548C1BE815320023323F = {
						CreatedOnToolsVersion = 7.1;
					};
					407E54A81BE815320023323F = {
						CreatedOnToolsVersion = 7.1;
						TestTargetID = 407E548C1BE815320023323F;
					};
					407E54B31BE815320023323F = {
						CreatedOnToolsVersion = 7.1;
						TestTargetID = 407E548C1BE815320023323F;
					};
				};
			};
			buildConfigurationList = 407E54881BE815320023323F /* Build configuration list for PBXProject "ImagesDownload" */;
			compatibilityVersion = "Xcode 3.2";
			developmentRegion = English;
			hasScannedForEncodings = 0;
			knownRegions = (
				en,
				Base,
			);
			mainGroup = 407E54841BE815320023323F;
			productRefGroup = 407E548E1BE815320023323F /* Products */;
			projectDirPath = "";
			projectRoot = "";
			targets = (
				407E548C1BE815320023323F /* ImagesDownload */,
				407E54A81BE815320023323F /* ImagesDownloadTests */,
				407E54B31BE815320023323F /* ImagesDownloadUITests */,
			);
		};
/* End PBXProject section */

/* Begin PBXResourcesBuildPhase section */
		407E548B1BE815320023323F /* Resources */ = {
			isa = PBXResourcesBuildPhase;
			buildActionMask = 2147483647;
			files = (
				407E54A31BE815320023323F /* LaunchScreen.storyboard in Resources */,
				407E54A01BE815320023323F /* Assets.xcassets in Resources */,
				407E54F61BE84F7B0023323F /* LICENSE in Resources */,
				407E549B1BE815320023323F /* Main.storyboard in Resources */,
			);
			runOnlyForDeploymentPostprocessing = 0;
		};
		407E54A71BE815320023323F /* Resources */ = {
			isa = PBXResourcesBuildPhase;
			buildActionMask = 2147483647;
			files = (
			);
			runOnlyForDeploymentPostprocessing = 0;
		};
		407E54B21BE815320023323F /* Resources */ = {
			isa = PBXResourcesBuildPhase;
			buildActionMask = 2147483647;
			files = (
			);
			runOnlyForDeploymentPostprocessing = 0;
		};
/* End PBXResourcesBuildPhase section */

/* Begin PBXSourcesBuildPhase section */
		407E54891BE815320023323F /* Sources */ = {
			isa = PBXSourcesBuildPhase;
			buildActionMask = 2147483647;
			files = (
				407E55041BE84F7B0023323F /* UIImageView+WebCache.m in Sources */,
				407E54FB1BE84F7B0023323F /* SDWebImageDecoder.m in Sources */,
				407E54FE1BE84F7B0023323F /* SDWebImageManager.m in Sources */,
				407E54F81BE84F7B0023323F /* NSData+ImageContentType.m in Sources */,
				407E54FA1BE84F7B0023323F /* SDWebImageCompat.m in Sources */,
				407E54981BE815320023323F /* ViewController.m in Sources */,
				407E549E1BE815320023323F /* ImagesDownload.xcdatamodeld in Sources */,
				407E55051BE84F7B0023323F /* UIView+WebCacheOperation.m in Sources */,
				407E54CE1BE8239F0023323F /* ImageDetail.m in Sources */,
				407E55001BE84F7B0023323F /* UIButton+WebCache.m in Sources */,
				407E54FF1BE84F7B0023323F /* SDWebImagePrefetcher.m in Sources */,
				407E54FD1BE84F7B0023323F /* SDWebImageDownloaderOperation.m in Sources */,
				407E54D11BE82B0C0023323F /* FetchImageDetails.m in Sources */,
				407E54951BE815320023323F /* AppDelegate.m in Sources */,
				407E55031BE84F7B0023323F /* UIImageView+HighlightedWebCache.m in Sources */,
				407E55021BE84F7B0023323F /* UIImage+MultiFormat.m in Sources */,
				407E54D41BE8431B0023323F /* ImageTableViewCell.m in Sources */,
				407E54F91BE84F7B0023323F /* SDImageCache.m in Sources */,
				407E54F71BE84F7B0023323F /* README.md in Sources */,
				40B437031BE982E5005F2399 /* ImageData.m in Sources */,
				407E54921BE815320023323F /* main.m in Sources */,
				407E55011BE84F7B0023323F /* UIImage+GIF.m in Sources */,
				407E54FC1BE84F7B0023323F /* SDWebImageDownloader.m in Sources */,
				407E54CD1BE8239F0023323F /* ImageDetail+CoreDataProperties.m in Sources */,
			);
			runOnlyForDeploymentPostprocessing = 0;
		};
		407E54A51BE815320023323F /* Sources */ = {
			isa = PBXSourcesBuildPhase;
			buildActionMask = 2147483647;
			files = (
				407E54AE1BE815320023323F /* ImagesDownloadTests.m in Sources */,
			);
			runOnlyForDeploymentPostprocessing = 0;
		};
		407E54B01BE815320023323F /* Sources */ = {
			isa = PBXSourcesBuildPhase;
			buildActionMask = 2147483647;
			files = (
				407E54B91BE815320023323F /* ImagesDownloadUITests.m in Sources */,
			);
			runOnlyForDeploymentPostprocessing = 0;
		};
/* End PBXSourcesBuildPhase section */

/* Begin PBXTargetDependency section */
		407E54AB1BE815320023323F /* PBXTargetDependency */ = {
			isa = PBXTargetDependency;
			target = 407E548C1BE815320023323F /* ImagesDownload */;
			targetProxy = 407E54AA1BE815320023323F /* PBXContainerItemProxy */;
		};
		407E54B61BE815320023323F /* PBXTargetDependency */ = {
			isa = PBXTargetDependency;
			target = 407E548C1BE815320023323F /* ImagesDownload */;
			targetProxy = 407E54B51BE815320023323F /* PBXContainerItemProxy */;
		};
/* End PBXTargetDependency section */

/* Begin PBXVariantGroup section */
		407E54991BE815320023323F /* Main.storyboard */ = {
			isa = PBXVariantGroup;
			children = (
				407E549A1BE815320023323F /* Base */,
			);
			name = Main.storyboard;
			sourceTree = "<group>";
		};
		407E54A11BE815320023323F /* LaunchScreen.storyboard */ = {
			isa = PBXVariantGroup;
			children = (
				407E54A21BE815320023323F /* Base */,
			);
			name = LaunchScreen.storyboard;
			sourceTree = "<group>";
		};
/* End PBXVariantGroup section */

/* Begin XCBuildConfiguration section */
		407E54BB1BE815320023323F /* Debug */ = {
			isa = XCBuildConfiguration;
			buildSettings = {
				ALWAYS_SEARCH_USER_PATHS = NO;
				CLANG_CXX_LANGUAGE_STANDARD = "gnu++0x";
				CLANG_CXX_LIBRARY = "libc++";
				CLANG_ENABLE_MODULES = YES;
				CLANG_ENABLE_OBJC_ARC = YES;
				CLANG_WARN_BOOL_CONVERSION = YES;
				CLANG_WARN_CONSTANT_CONVERSION = YES;
				CLANG_WARN_DIRECT_OBJC_ISA_USAGE = YES_ERROR;
				CLANG_WARN_EMPTY_BODY = YES;
				CLANG_WARN_ENUM_CONVERSION = YES;
				CLANG_WARN_INT_CONVERSION = YES;
				CLANG_WARN_OBJC_ROOT_CLASS = YES_ERROR;
				CLANG_WARN_UNREACHABLE_CODE = YES;
				CLANG_WARN__DUPLICATE_METHOD_MATCH = YES;
				"CODE_SIGN_IDENTITY[sdk=iphoneos*]" = "iPhone Developer";
				COPY_PHASE_STRIP = NO;
				DEBUG_INFORMATION_FORMAT = dwarf;
				ENABLE_STRICT_OBJC_MSGSEND = YES;
				ENABLE_TESTABILITY = YES;
				GCC_C_LANGUAGE_STANDARD = gnu99;
				GCC_DYNAMIC_NO_PIC = NO;
				GCC_NO_COMMON_BLOCKS = YES;
				GCC_OPTIMIZATION_LEVEL = 0;
				GCC_PREPROCESSOR_DEFINITIONS = (
					"DEBUG=1",
					"$(inherited)",
				);
				GCC_WARN_64_TO_32_BIT_CONVERSION = YES;
				GCC_WARN_ABOUT_RETURN_TYPE = YES_ERROR;
				GCC_WARN_UNDECLARED_SELECTOR = YES;
				GCC_WARN_UNINITIALIZED_AUTOS = YES_AGGRESSIVE;
				GCC_WARN_UNUSED_FUNCTION = YES;
				GCC_WARN_UNUSED_VARIABLE = YES;
				IPHONEOS_DEPLOYMENT_TARGET = 9.1;
				MTL_ENABLE_DEBUG_INFO = YES;
				ONLY_ACTIVE_ARCH = YES;
				SDKROOT = iphoneos;
				TARGETED_DEVICE_FAMILY = "1,2";
			};
			name = Debug;
		};
		407E54BC1BE815320023323F /* Release */ = {
			isa = XCBuildConfiguration;
			buildSettings = {
				ALWAYS_SEARCH_USER_PATHS = NO;
				CLANG_CXX_LANGUAGE_STANDARD = "gnu++0x";
				CLANG_CXX_LIBRARY = "libc++";
				CLANG_ENABLE_MODULES = YES;
				CLANG_ENABLE_OBJC_ARC = YES;
				CLANG_WARN_BOOL_CONVERSION = YES;
				CLANG_WARN_CONSTANT_CONVERSION = YES;
				CLANG_WARN_DIRECT_OBJC_ISA_USAGE = YES_ERROR;
				CLANG_WARN_EMPTY_BODY = YES;
				CLANG_WARN_ENUM_CONVERSION = YES;
				CLANG_WARN_INT_CONVERSION = YES;
				CLANG_WARN_OBJC_ROOT_CLASS = YES_ERROR;
				CLANG_WARN_UNREACHABLE_CODE = YES;
				CLANG_WARN__DUPLICATE_METHOD_MATCH = YES;
				"CODE_SIGN_IDENTITY[sdk=iphoneos*]" = "iPhone Developer";
				COPY_PHASE_STRIP = NO;
				DEBUG_INFORMATION_FORMAT = "dwarf-with-dsym";
				ENABLE_NS_ASSERTIONS = NO;
				ENABLE_STRICT_OBJC_MSGSEND = YES;
				GCC_C_LANGUAGE_STANDARD = gnu99;
				GCC_NO_COMMON_BLOCKS = YES;
				GCC_WARN_64_TO_32_BIT_CONVERSION = YES;
				GCC_WARN_ABOUT_RETURN_TYPE = YES_ERROR;
				GCC_WARN_UNDECLARED_SELECTOR = YES;
				GCC_WARN_UNINITIALIZED_AUTOS = YES_AGGRESSIVE;
				GCC_WARN_UNUSED_FUNCTION = YES;
				GCC_WARN_UNUSED_VARIABLE = YES;
				IPHONEOS_DEPLOYMENT_TARGET = 9.1;
				MTL_ENABLE_DEBUG_INFO = NO;
				SDKROOT = iphoneos;
				TARGETED_DEVICE_FAMILY = "1,2";
				VALIDATE_PRODUCT = YES;
			};
			name = Release;
		};
		407E54BE1BE815330023323F /* Debug */ = {
			isa = XCBuildConfiguration;
			buildSettings = {
				ASSETCATALOG_COMPILER_APPICON_NAME = AppIcon;
				INFOPLIST_FILE = ImagesDownload/Info.plist;
				IPHONEOS_DEPLOYMENT_TARGET = 7.0;
				LD_RUNPATH_SEARCH_PATHS = "$(inherited) @executable_path/Frameworks";
				PRODUCT_BUNDLE_IDENTIFIER = com.julianacipa.ImagesDownload;
				PRODUCT_NAME = "$(TARGET_NAME)";
			};
			name = Debug;
		};
		407E54BF1BE815330023323F /* Release */ = {
			isa = XCBuildConfiguration;
			buildSettings = {
				ASSETCATALOG_COMPILER_APPICON_NAME = AppIcon;
				INFOPLIST_FILE = ImagesDownload/Info.plist;
				IPHONEOS_DEPLOYMENT_TARGET = 7.0;
				LD_RUNPATH_SEARCH_PATHS = "$(inherited) @executable_path/Frameworks";
				PRODUCT_BUNDLE_IDENTIFIER = com.julianacipa.ImagesDownload;
				PRODUCT_NAME = "$(TARGET_NAME)";
			};
			name = Release;
		};
		407E54C11BE815330023323F /* Debug */ = {
			isa = XCBuildConfiguration;
			buildSettings = {
				BUNDLE_LOADER = "$(TEST_HOST)";
				INFOPLIST_FILE = ImagesDownloadTests/Info.plist;
				LD_RUNPATH_SEARCH_PATHS = "$(inherited) @executable_path/Frameworks @loader_path/Frameworks";
				PRODUCT_BUNDLE_IDENTIFIER = com.julianacipa.ImagesDownloadTests;
				PRODUCT_NAME = "$(TARGET_NAME)";
				TEST_HOST = "$(BUILT_PRODUCTS_DIR)/ImagesDownload.app/ImagesDownload";
			};
			name = Debug;
		};
		407E54C21BE815330023323F /* Release */ = {
			isa = XCBuildConfiguration;
			buildSettings = {
				BUNDLE_LOADER = "$(TEST_HOST)";
				INFOPLIST_FILE = ImagesDownloadTests/Info.plist;
				LD_RUNPATH_SEARCH_PATHS = "$(inherited) @executable_path/Frameworks @loader_path/Frameworks";
				PRODUCT_BUNDLE_IDENTIFIER = com.julianacipa.ImagesDownloadTests;
				PRODUCT_NAME = "$(TARGET_NAME)";
				TEST_HOST = "$(BUILT_PRODUCTS_DIR)/ImagesDownload.app/ImagesDownload";
			};
			name = Release;
		};
		407E54C41BE815330023323F /* Debug */ = {
			isa = XCBuildConfiguration;
			buildSettings = {
				INFOPLIST_FILE = ImagesDownloadUITests/Info.plist;
				LD_RUNPATH_SEARCH_PATHS = "$(inherited) @executable_path/Frameworks @loader_path/Frameworks";
				PRODUCT_BUNDLE_IDENTIFIER = com.julianacipa.ImagesDownloadUITests;
				PRODUCT_NAME = "$(TARGET_NAME)";
				TEST_TARGET_NAME = ImagesDownload;
				USES_XCTRUNNER = YES;
			};
			name = Debug;
		};
		407E54C51BE815330023323F /* Release */ = {
			isa = XCBuildConfiguration;
			buildSettings = {
				INFOPLIST_FILE = ImagesDownloadUITests/Info.plist;
				LD_RUNPATH_SEARCH_PATHS = "$(inherited) @executable_path/Frameworks @loader_path/Frameworks";
				PRODUCT_BUNDLE_IDENTIFIER = com.julianacipa.ImagesDownloadUITests;
				PRODUCT_NAME = "$(TARGET_NAME)";
				TEST_TARGET_NAME = ImagesDownload;
				USES_XCTRUNNER = YES;
			};
			name = Release;
		};
/* End XCBuildConfiguration section */

/* Begin XCConfigurationList section */
		407E54881BE815320023323F /* Build configuration list for PBXProject "ImagesDownload" */ = {
			isa = XCConfigurationList;
			buildConfigurations = (
				407E54BB1BE815320023323F /* Debug */,
				407E54BC1BE815320023323F /* Release */,
			);
			defaultConfigurationIsVisible = 0;
			defaultConfigurationName = Release;
		};
		407E54BD1BE815330023323F /* Build configuration list for PBXNativeTarget "ImagesDownload" */ = {
			isa = XCConfigurationList;
			buildConfigurations = (
				407E54BE1BE815330023323F /* Debug */,
				407E54BF1BE815330023323F /* Release */,
			);
			defaultConfigurationIsVisible = 0;
			defaultConfigurationName = Release;
		};
		407E54C01BE815330023323F /* Build configuration list for PBXNativeTarget "ImagesDownloadTests" */ = {
			isa = XCConfigurationList;
			buildConfigurations = (
				407E54C11BE815330023323F /* Debug */,
				407E54C21BE815330023323F /* Release */,
			);
			defaultConfigurationIsVisible = 0;
			defaultConfigurationName = Release;
		};
		407E54C31BE815330023323F /* Build configuration list for PBXNativeTarget "ImagesDownloadUITests" */ = {
			isa = XCConfigurationList;
			buildConfigurations = (
				407E54C41BE815330023323F /* Debug */,
				407E54C51BE815330023323F /* Release */,
			);
			defaultConfigurationIsVisible = 0;
			defaultConfigurationName = Release;
		};
/* End XCConfigurationList section */

/* Begin XCVersionGroup section */
		407E549C1BE815320023323F /* ImagesDownload.xcdatamodeld */ = {
			isa = XCVersionGroup;
			children = (
				407E549D1BE815320023323F /* ImagesDownload.xcdatamodel */,
			);
			currentVersion = 407E549D1BE815320023323F /* ImagesDownload.xcdatamodel */;
			path = ImagesDownload.xcdatamodeld;
			sourceTree = "<group>";
			versionGroupType = wrapper.xcdatamodel;
		};
/* End XCVersionGroup section */
	};
	rootObject = 407E54851BE815320023323F /* Project object */;
}
